{
  "version": 1,
  "dependencies": {
    "net10.0": {
      "thetis.audio": {
        "type": "Project"
      },
      "thetis.engine": {
        "type": "Project",
        "dependencies": {
          "Thetis.Audio": "[1.0.0, )"
        }
      },
      "thetis.simulator": {
        "type": "Project"
      }
    }
  }
}